{
  "name": "ftpcheck",
  "version": "1.0.0",
  "lockfileVersion": 3,
  "requires": true,
  "packages": {
    "": {
      "name": "ftpcheck",
      "version": "1.0.0",
      "license": "ISC",
      "dependencies": {
        "@electerm/ftp-srv": "^1.0.5"
      }
    },
    "node_modules/@electerm/ftp-srv": {
      "version": "1.0.5",
      "resolved": "https://registry.npmjs.org/@electerm/ftp-srv/-/ftp-srv-1.0.5.tgz",
      "integrity": "sha512-WgW7/HJWAPkZytXNbnc5KUVdoJSArmOpd4Ga+pP2S+xx5wiPyceyQ+H0iwZFKO3djGFHWGG2t4gChpIjSIcOrQ==",
      "license": "MIT",
      "dependencies": {
        "commander": "^14.0.3"
      },
      "bin": {
        "electermftpsrv": "bin/index.cjs"
      },
      "engines": {
        "node": ">=16"
      }
    },
    "node_modules/commander": {
      "version": "14.0.3",
      "resolved": "https://registry.npmjs.org/commander/-/commander-14.0.3.tgz",
      "integrity": "sha512-H+y0Jo/T1RZ9qPP4Eh1pkcQcLRglraJaSLoyOtHxu6AapkjWVCy2Sit1QQ4x3Dng8qDlSsZEet7g5Pq06MvTgw==",
      "license": "MIT",
      "engines": {
        "node": ">=20"
      }
    }
  }
}
